
Microsoft Visual Studio Solution File, Format Version 12.00
# Visual Studio 14
VisualStudioVersion = 14.0.23107.0
MinimumVisualStudioVersion = 10.0.40219.1
Project("{FAE04EC0-301F-11D3-BF4B-00C04F79EFBC}") = "Guiddy.Wpf", "Guiddy.Wpf\Guiddy.Wpf.csproj", "{4DACB179-8461-4442-A799-990505140C03}"
EndProject
Project("{FAE04EC0-301F-11D3-BF4B-00C04F79EFBC}") = "Guiddy.Wpf.Tests", "Guiddy.Wpf.Tests\Guiddy.Wpf.Tests.csproj", "{070982C2-7B26-4CBC-A7B5-E4662C67A982}"
EndProject
Global
	GlobalSection(SolutionConfigurationPlatforms) = preSolution
		Debug|Any CPU = Debug|Any CPU
		Release|Any CPU = Release|Any CPU
	EndGlobalSection
	GlobalSection(ProjectConfigurationPlatforms) = postSolution
		{4DACB179-8461-4442-A799-990505140C03}.Debug|Any CPU.ActiveCfg = Debug|Any CPU
		{4DACB179-8461-4442-A799-990505140C03}.Debug|Any CPU.Build.0 = Debug|Any CPU
		{4DACB179-8461-4442-A799-990505140C03}.Release|Any CPU.ActiveCfg = Release|Any CPU
		{4DACB179-8461-4442-A799-990505140C03}.Release|Any CPU.Build.0 = Release|Any CPU
		{070982C2-7B26-4CBC-A7B5-E4662C67A982}.Debug|Any CPU.ActiveCfg = Debug|Any CPU
		{070982C2-7B26-4CBC-A7B5-E4662C67A982}.Debug|Any CPU.Build.0 = Debug|Any CPU
		{070982C2-7B26-4CBC-A7B5-E4662C67A982}.Release|Any CPU.ActiveCfg = Release|Any CPU
		{070982C2-7B26-4CBC-A7B5-E4662C67A982}.Release|Any CPU.Build.0 = Release|Any CPU
	EndGlobalSection
	GlobalSection(SolutionProperties) = preSolution
		HideSolutionNode = FALSE
	EndGlobalSection
EndGlobal
